
Microsoft Visual Studio Solution File, Format Version 12.00
# Visual Studio Version 17
VisualStudioVersion = 17.3.32611.2
MinimumVisualStudioVersion = 10.0.40219.1
Project("{FAE04EC0-301F-11D3-BF4B-00C04F79EFBC}") = "BlazorPaging.Server", "BlazorPaging\Server\BlazorPaging.Server.csproj", "{DEEAC912-3E2D-40FF-9081-BAE75F737BB1}"
EndProject
Project("{FAE04EC0-301F-11D3-BF4B-00C04F79EFBC}") = "BlazorPaging.Client", "BlazorPaging\Client\BlazorPaging.Client.csproj", "{AA844933-6A16-426E-93A7-D818B31A2DA0}"
EndProject
Project("{FAE04EC0-301F-11D3-BF4B-00C04F79EFBC}") = "BlazorPaging.Shared", "BlazorPaging\Shared\BlazorPaging.Shared.csproj", "{70A36E50-DC33-4486-8F84-D99816E38934}"
EndProject
Global
	GlobalSection(SolutionConfigurationPlatforms) = preSolution
		Debug|Any CPU = Debug|Any CPU
		Release|Any CPU = Release|Any CPU
	EndGlobalSection
	GlobalSection(ProjectConfigurationPlatforms) = postSolution
		{DEEAC912-3E2D-40FF-9081-BAE75F737BB1}.Debug|Any CPU.ActiveCfg = Debug|Any CPU
		{DEEAC912-3E2D-40FF-9081-BAE75F737BB1}.Debug|Any CPU.Build.0 = Debug|Any CPU
		{DEEAC912-3E2D-40FF-9081-BAE75F737BB1}.Release|Any CPU.ActiveCfg = Release|Any CPU
		{DEEAC912-3E2D-40FF-9081-BAE75F737BB1}.Release|Any CPU.Build.0 = Release|Any CPU
		{AA844933-6A16-426E-93A7-D818B31A2DA0}.Debug|Any CPU.ActiveCfg = Debug|Any CPU
		{AA844933-6A16-426E-93A7-D818B31A2DA0}.Debug|Any CPU.Build.0 = Debug|Any CPU
		{AA844933-6A16-426E-93A7-D818B31A2DA0}.Release|Any CPU.ActiveCfg = Release|Any CPU
		{AA844933-6A16-426E-93A7-D818B31A2DA0}.Release|Any CPU.Build.0 = Release|Any CPU
		{70A36E50-DC33-4486-8F84-D99816E38934}.Debug|Any CPU.ActiveCfg = Debug|Any CPU
		{70A36E50-DC33-4486-8F84-D99816E38934}.Debug|Any CPU.Build.0 = Debug|Any CPU
		{70A36E50-DC33-4486-8F84-D99816E38934}.Release|Any CPU.ActiveCfg = Release|Any CPU
		{70A36E50-DC33-4486-8F84-D99816E38934}.Release|Any CPU.Build.0 = Release|Any CPU
	EndGlobalSection
	GlobalSection(SolutionProperties) = preSolution
		HideSolutionNode = FALSE
	EndGlobalSection
	GlobalSection(ExtensibilityGlobals) = postSolution
		SolutionGuid = {BA201FC6-F438-40CF-8CEC-522CEAFE89AF}
	EndGlobalSection
EndGlobal
